
Microsoft Visual Studio Solution File, Format Version 12.00
# Visual Studio Version 16
VisualStudioVersion = 16.0.31005.135
MinimumVisualStudioVersion = 10.0.40219.1
Project("{FAE04EC0-301F-11D3-BF4B-00C04F79EFBC}") = "18_02filaDinamica", "18_02fila\18_02filaDinamica.csproj", "{74BE0F9E-6A5A-406A-84D4-15EACC92244F}"
EndProject
Global
	GlobalSection(SolutionConfigurationPlatforms) = preSolution
		Debug|Any CPU = Debug|Any CPU
		Release|Any CPU = Release|Any CPU
	EndGlobalSection
	GlobalSection(ProjectConfigurationPlatforms) = postSolution
		{74BE0F9E-6A5A-406A-84D4-15EACC92244F}.Debug|Any CPU.ActiveCfg = Debug|Any CPU
		{74BE0F9E-6A5A-406A-84D4-15EACC92244F}.Debug|Any CPU.Build.0 = Debug|Any CPU
		{74BE0F9E-6A5A-406A-84D4-15EACC92244F}.Release|Any CPU.ActiveCfg = Release|Any CPU
		{74BE0F9E-6A5A-406A-84D4-15EACC92244F}.Release|Any CPU.Build.0 = Release|Any CPU
	EndGlobalSection
	GlobalSection(SolutionProperties) = preSolution
		HideSolutionNode = FALSE
	EndGlobalSection
	GlobalSection(ExtensibilityGlobals) = postSolution
		SolutionGuid = {11911355-9C60-4B0E-B34D-1BB77C3A539F}
	EndGlobalSection
EndGlobal
